
Microsoft Visual Studio Solution File, Format Version 12.00
# Visual Studio Version 17
VisualStudioVersion = 17.8.34309.116
MinimumVisualStudioVersion = 10.0.40219.1
Project("{2150E333-8FDC-42A3-9474-1A3956D46DE8}") = "Sources", "Sources", "{D404F2A3-22D2-408C-85B5-B2C785E7FA14}"
EndProject
Project("{2150E333-8FDC-42A3-9474-1A3956D46DE8}") = "Tests", "Tests", "{B62D3864-56FB-4C94-A505-7F30FE9AB322}"
EndProject
Project("{9A19103F-16F7-4668-BE54-9A1E7A4F7556}") = "TestTask.Domain", "TestTask.Domain\TestTask.Domain.csproj", "{8F97C70B-4B61-4DFA-9043-51EC0E5EDE42}"
EndProject
Project("{FAE04EC0-301F-11D3-BF4B-00C04F79EFBC}") = "TestTask.API", "TestTask.API\TestTask.API.csproj", "{4420625E-1842-4B11-AD10-DAE2B7138387}"
EndProject
Project("{FAE04EC0-301F-11D3-BF4B-00C04F79EFBC}") = "TestTask.UnitTests", "TestTask.UnitTests\TestTask.UnitTests.csproj", "{DB0C4061-604E-4D76-8F85-56FEA66753DD}"
EndProject
Global
	GlobalSection(SolutionConfigurationPlatforms) = preSolution
		Debug|Any CPU = Debug|Any CPU
		Release|Any CPU = Release|Any CPU
	EndGlobalSection
	GlobalSection(ProjectConfigurationPlatforms) = postSolution
		{8F97C70B-4B61-4DFA-9043-51EC0E5EDE42}.Debug|Any CPU.ActiveCfg = Debug|Any CPU
		{8F97C70B-4B61-4DFA-9043-51EC0E5EDE42}.Debug|Any CPU.Build.0 = Debug|Any CPU
		{8F97C70B-4B61-4DFA-9043-51EC0E5EDE42}.Release|Any CPU.ActiveCfg = Release|Any CPU
		{8F97C70B-4B61-4DFA-9043-51EC0E5EDE42}.Release|Any CPU.Build.0 = Release|Any CPU
		{4420625E-1842-4B11-AD10-DAE2B7138387}.Debug|Any CPU.ActiveCfg = Debug|Any CPU
		{4420625E-1842-4B11-AD10-DAE2B7138387}.Debug|Any CPU.Build.0 = Debug|Any CPU
		{4420625E-1842-4B11-AD10-DAE2B7138387}.Release|Any CPU.ActiveCfg = Release|Any CPU
		{4420625E-1842-4B11-AD10-DAE2B7138387}.Release|Any CPU.Build.0 = Release|Any CPU
		{DB0C4061-604E-4D76-8F85-56FEA66753DD}.Debug|Any CPU.ActiveCfg = Debug|Any CPU
		{DB0C4061-604E-4D76-8F85-56FEA66753DD}.Debug|Any CPU.Build.0 = Debug|Any CPU
		{DB0C4061-604E-4D76-8F85-56FEA66753DD}.Release|Any CPU.ActiveCfg = Release|Any CPU
		{DB0C4061-604E-4D76-8F85-56FEA66753DD}.Release|Any CPU.Build.0 = Release|Any CPU
	EndGlobalSection
	GlobalSection(SolutionProperties) = preSolution
		HideSolutionNode = FALSE
	EndGlobalSection
	GlobalSection(NestedProjects) = preSolution
		{8F97C70B-4B61-4DFA-9043-51EC0E5EDE42} = {D404F2A3-22D2-408C-85B5-B2C785E7FA14}
		{4420625E-1842-4B11-AD10-DAE2B7138387} = {D404F2A3-22D2-408C-85B5-B2C785E7FA14}
		{DB0C4061-604E-4D76-8F85-56FEA66753DD} = {B62D3864-56FB-4C94-A505-7F30FE9AB322}
	EndGlobalSection
	GlobalSection(ExtensibilityGlobals) = postSolution
		SolutionGuid = {7239D592-361B-4C0B-ACAA-F4F9C3464F1B}
	EndGlobalSection
EndGlobal
